// !$*UTF8*$!
{
	archiveVersion = 1;
	classes = {
	};
	objectVersion = 46;
	objects = {

/* Begin PBXBuildFile section */
		7129FC481D6B95EE0010F483 /* AppDelegate.swift in Sources */ = {isa = PBXBuildFile; fileRef = 7129FC471D6B95EE0010F483 /* AppDelegate.swift */; };
		7129FC4A1D6B95EE0010F483 /* ViewController.swift in Sources */ = {isa = PBXBuildFile; fileRef = 7129FC491D6B95EE0010F483 /* ViewController.swift */; };
		7129FC4D1D6B95EE0010F483 /* Main.storyboard in Resources */ = {isa = PBXBuildFile; fileRef = 7129FC4B1D6B95EE0010F483 /* Main.storyboard */; };
		7129FC4F1D6B95EE0010F483 /* Assets.xcassets in Resources */ = {isa = PBXBuildFile; fileRef = 7129FC4E1D6B95EE0010F483 /* Assets.xcassets */; };
		7129FC521D6B95EE0010F483 /* LaunchScreen.storyboard in Resources */ = {isa = PBXBuildFile; fileRef = 7129FC501D6B95EE0010F483 /* LaunchScreen.storyboard */; };
		71F1CB4A1D889641009FA59B /* Weather.framework in Frameworks */ = {isa = PBXBuildFile; fileRef = 71F1CB491D889641009FA59B /* Weather.framework */; };
/* End PBXBuildFile section */

/* Begin PBXFileReference section */
		7129FC441D6B95EE0010F483 /* GoWeather.app */ = {isa = PBXFileReference; explicitFileType = wrapper.application; includeInIndex = 0; path = GoWeather.app; sourceTree = BUILT_PRODUCTS_DIR; };
		7129FC471D6B95EE0010F483 /* AppDelegate.swift */ = {isa = PBXFileReference; lastKnownFileType = sourcecode.swift; path = AppDelegate.swift; sourceTree = "<group>"; };
		7129FC491D6B95EE0010F483 /* ViewController.swift */ = {isa = PBXFileReference; lastKnownFileType = sourcecode.swift; path = ViewController.swift; sourceTree = "<group>"; };
		7129FC4C1D6B95EE0010F483 /* Base */ = {isa = PBXFileReference; lastKnownFileType = file.storyboard; name = Base; path = Base.lproj/Main.storyboard; sourceTree = "<group>"; };
		7129FC4E1D6B95EE0010F483 /* Assets.xcassets */ = {isa = PBXFileReference; lastKnownFileType = folder.assetcatalog; path = Assets.xcassets; sourceTree = "<group>"; };
		7129FC511D6B95EE0010F483 /* Base */ = {isa = PBXFileReference; lastKnownFileType = file.storyboard; name = Base; path = Base.lproj/LaunchScreen.storyboard; sourceTree = "<group>"; };
		7129FC531D6B95EE0010F483 /* Info.plist */ = {isa = PBXFileReference; lastKnownFileType = text.plist.xml; path = Info.plist; sourceTree = "<group>"; };
		71F1CB491D889641009FA59B /* Weather.framework */ = {isa = PBXFileReference; lastKnownFileType = wrapper.framework; path = Weather.framework; sourceTree = "<group>"; };
/* End PBXFileReference section */

/* Begin PBXFrameworksBuildPhase section */
		7129FC411D6B95EE0010F483 /* Frameworks */ = {
			isa = PBXFrameworksBuildPhase;
			buildActionMask = 2147483647;
			files = (
				71F1CB4A1D889641009FA59B /* Weather.framework in Frameworks */,
			);
			runOnlyForDeploymentPostprocessing = 0;
		};
/* End PBXFrameworksBuildPhase section */

/* Begin PBXGroup section */
		7129FC3B1D6B95EE0010F483 = {
			isa = PBXGroup;
			children = (
				7129FC461D6B95EE0010F483 /* simple-iosapp */,
				7129FC451D6B95EE0010F483 /* Products */,
				71F1CB491D889641009FA59B /* Weather.framework */,
			);
			sourceTree = "<group>";
		};
		7129FC451D6B95EE0010F483 /* Products */ = {
			isa = PBXGroup;
			children = (
				7129FC441D6B95EE0010F483 /* GoWeather.app */,
			);
			name = Products;
			sourceTree = "<group>";
		};
		7129FC461D6B95EE0010F483 /* simple-iosapp */ = {
			isa = PBXGroup;
			children = (
				7129FC471D6B95EE0010F483 /* AppDelegate.swift */,
				7129FC491D6B95EE0010F483 /* ViewController.swift */,
				7129FC4B1D6B95EE0010F483 /* Main.storyboard */,
				7129FC4E1D6B95EE0010F483 /* Assets.xcassets */,
				7129FC501D6B95EE0010F483 /* LaunchScreen.storyboard */,
				7129FC531D6B95EE0010F483 /* Info.plist */,
			);
			path = "simple-iosapp";
			sourceTree = "<group>";
		};
/* End PBXGroup section */

/* Begin PBXNativeTarget section */
		7129FC431D6B95EE0010F483 /* GoWeather */ = {
			isa = PBXNativeTarget;
			buildConfigurationList = 7129FC561D6B95EE0010F483 /* Build configuration list for PBXNativeTarget "GoWeather" */;
			buildPhases = (
				7129FC401D6B95EE0010F483 /* Sources */,
				7129FC411D6B95EE0010F483 /* Frameworks */,
				7129FC421D6B95EE0010F483 /* Resources */,
			);
			buildRules = (
			);
			dependencies = (
			);
			name = GoWeather;
			productName = "simple-iosapp";
			productReference = 7129FC441D6B95EE0010F483 /* GoWeather.app */;
			productType = "com.apple.product-type.application";
		};
/* End PBXNativeTarget section */

/* Begin PBXProject section */
		7129FC3C1D6B95EE0010F483 /* Project object */ = {
			isa = PBXProject;
			attributes = {
				LastSwiftUpdateCheck = 0730;
				LastUpgradeCheck = 0730;
				ORGANIZATIONNAME = "Antoine Richard";
				TargetAttributes = {
					7129FC431D6B95EE0010F483 = {
						CreatedOnToolsVersion = 7.3.1;
						DevelopmentTeam = CF6UPXQUE5;
					};
				};
			};
			buildConfigurationList = 7129FC3F1D6B95EE0010F483 /* Build configuration list for PBXProject "GoWeather" */;
			compatibilityVersion = "Xcode 3.2";
			developmentRegion = English;
			hasScannedForEncodings = 0;
			knownRegions = (
				en,
				Base,
			);
			mainGroup = 7129FC3B1D6B95EE0010F483;
			productRefGroup = 7129FC451D6B95EE0010F483 /* Products */;
			projectDirPath = "";
			projectRoot = "";
			targets = (
				7129FC431D6B95EE0010F483 /* GoWeather */,
			);
		};
/* End PBXProject section */

/* Begin PBXResourcesBuildPhase section */
		7129FC421D6B95EE0010F483 /* Resources */ = {
			isa = PBXResourcesBuildPhase;
			buildActionMask = 2147483647;
			files = (
				7129FC521D6B95EE0010F483 /* LaunchScreen.storyboard in Resources */,
				7129FC4F1D6B95EE0010F483 /* Assets.xcassets in Resources */,
				7129FC4D1D6B95EE0010F483 /* Main.storyboard in Resources */,
			);
			runOnlyForDeploymentPostprocessing = 0;
		};
/* End PBXResourcesBuildPhase section */

/* Begin PBXSourcesBuildPhase section */
		7129FC401D6B95EE0010F483 /* Sources */ = {
			isa = PBXSourcesBuildPhase;
			buildActionMask = 2147483647;
			files = (
				7129FC4A1D6B95EE0010F483 /* ViewController.swift in Sources */,
				7129FC481D6B95EE0010F483 /* AppDelegate.swift in Sources */,
			);
			runOnlyForDeploymentPostprocessing = 0;
		};
/* End PBXSourcesBuildPhase section */

/* Begin PBXVariantGroup section */
		7129FC4B1D6B95EE0010F483 /* Main.storyboard */ = {
			isa = PBXVariantGroup;
			children = (
				7129FC4C1D6B95EE0010F483 /* Base */,
			);
			name = Main.storyboard;
			sourceTree = "<group>";
		};
		7129FC501D6B95EE0010F483 /* LaunchScreen.storyboard */ = {
			isa = PBXVariantGroup;
			children = (
				7129FC511D6B95EE0010F483 /* Base */,
			);
			name = LaunchScreen.storyboard;
			sourceTree = "<group>";
		};
/* End PBXVariantGroup section */

/* Begin XCBuildConfiguration section */
		7129FC541D6B95EE0010F483 /* Debug */ = {
			isa = XCBuildConfiguration;
			buildSettings = {
				ALWAYS_SEARCH_USER_PATHS = NO;
				CLANG_ANALYZER_NONNULL = YES;
				CLANG_CXX_LANGUAGE_STANDARD = "gnu++0x";
				CLANG_CXX_LIBRARY = "libc++";
				CLANG_ENABLE_MODULES = YES;
				CLANG_ENABLE_OBJC_ARC = YES;
				CLANG_WARN_BOOL_CONVERSION = YES;
				CLANG_WARN_CONSTANT_CONVERSION = YES;
				CLANG_WARN_DIRECT_OBJC_ISA_USAGE = YES_ERROR;
				CLANG_WARN_EMPTY_BODY = YES;
				CLANG_WARN_ENUM_CONVERSION = YES;
				CLANG_WARN_INT_CONVERSION = YES;
				CLANG_WARN_OBJC_ROOT_CLASS = YES_ERROR;
				CLANG_WARN_UNREACHABLE_CODE = YES;
				CLANG_WARN__DUPLICATE_METHOD_MATCH = YES;
				"CODE_SIGN_IDENTITY[sdk=iphoneos*]" = "iPhone Developer";
				COPY_PHASE_STRIP = NO;
				DEBUG_INFORMATION_FORMAT = dwarf;
				ENABLE_STRICT_OBJC_MSGSEND = YES;
				ENABLE_TESTABILITY = YES;
				GCC_C_LANGUAGE_STANDARD = gnu99;
				GCC_DYNAMIC_NO_PIC = NO;
				GCC_NO_COMMON_BLOCKS = YES;
				GCC_OPTIMIZATION_LEVEL = 0;
				GCC_PREPROCESSOR_DEFINITIONS = (
					"DEBUG=1",
					"$(inherited)",
				);
				GCC_WARN_64_TO_32_BIT_CONVERSION = YES;
				GCC_WARN_ABOUT_RETURN_TYPE = YES_ERROR;
				GCC_WARN_UNDECLARED_SELECTOR = YES;
				GCC_WARN_UNINITIALIZED_AUTOS = YES_AGGRESSIVE;
				GCC_WARN_UNUSED_FUNCTION = YES;
				GCC_WARN_UNUSED_VARIABLE = YES;
				IPHONEOS_DEPLOYMENT_TARGET = 9.3;
				MTL_ENABLE_DEBUG_INFO = YES;
				ONLY_ACTIVE_ARCH = YES;
				SDKROOT = iphoneos;
				SWIFT_OPTIMIZATION_LEVEL = "-Onone";
				TARGETED_DEVICE_FAMILY = "1,2";
			};
			name = Debug;
		};
		7129FC551D6B95EE0010F483 /* Release */ = {
			isa = XCBuildConfiguration;
			buildSettings = {
				ALWAYS_SEARCH_USER_PATHS = NO;
				CLANG_ANALYZER_NONNULL = YES;
				CLANG_CXX_LANGUAGE_STANDARD = "gnu++0x";
				CLANG_CXX_LIBRARY = "libc++";
				CLANG_ENABLE_MODULES = YES;
				CLANG_ENABLE_OBJC_ARC = YES;
				CLANG_WARN_BOOL_CONVERSION = YES;
				CLANG_WARN_CONSTANT_CONVERSION = YES;
				CLANG_WARN_DIRECT_OBJC_ISA_USAGE = YES_ERROR;
				CLANG_WARN_EMPTY_BODY = YES;
				CLANG_WARN_ENUM_CONVERSION = YES;
				CLANG_WARN_INT_CONVERSION = YES;
				CLANG_WARN_OBJC_ROOT_CLASS = YES_ERROR;
				CLANG_WARN_UNREACHABLE_CODE = YES;
				CLANG_WARN__DUPLICATE_METHOD_MATCH = YES;
				"CODE_SIGN_IDENTITY[sdk=iphoneos*]" = "iPhone Developer";
				COPY_PHASE_STRIP = NO;
				DEBUG_INFORMATION_FORMAT = "dwarf-with-dsym";
				ENABLE_NS_ASSERTIONS = NO;
				ENABLE_STRICT_OBJC_MSGSEND = YES;
				GCC_C_LANGUAGE_STANDARD = gnu99;
				GCC_NO_COMMON_BLOCKS = YES;
				GCC_WARN_64_TO_32_BIT_CONVERSION = YES;
				GCC_WARN_ABOUT_RETURN_TYPE = YES_ERROR;
				GCC_WARN_UNDECLARED_SELECTOR = YES;
				GCC_WARN_UNINITIALIZED_AUTOS = YES_AGGRESSIVE;
				GCC_WARN_UNUSED_FUNCTION = YES;
				GCC_WARN_UNUSED_VARIABLE = YES;
				IPHONEOS_DEPLOYMENT_TARGET = 9.3;
				MTL_ENABLE_DEBUG_INFO = NO;
				SDKROOT = iphoneos;
				TARGETED_DEVICE_FAMILY = "1,2";
				VALIDATE_PRODUCT = YES;
			};
			name = Release;
		};
		7129FC571D6B95EE0010F483 /* Debug */ = {
			isa = XCBuildConfiguration;
			buildSettings = {
				ASSETCATALOG_COMPILER_APPICON_NAME = AppIcon;
				ENABLE_BITCODE = NO;
				FRAMEWORK_SEARCH_PATHS = (
					"$(inherited)",
					"$(PROJECT_DIR)",
				);
				INFOPLIST_FILE = "simple-iosapp/Info.plist";
				LD_RUNPATH_SEARCH_PATHS = "$(inherited) @executable_path/Frameworks";
				PRODUCT_BUNDLE_IDENTIFIER = "com.github.antoine-richard.simple-iosapp";
				PRODUCT_NAME = GoWeather;
			};
			name = Debug;
		};
		7129FC581D6B95EE0010F483 /* Release */ = {
			isa = XCBuildConfiguration;
			buildSettings = {
				ASSETCATALOG_COMPILER_APPICON_NAME = AppIcon;
				ENABLE_BITCODE = NO;
				FRAMEWORK_SEARCH_PATHS = (
					"$(inherited)",
					"$(PROJECT_DIR)",
				);
				INFOPLIST_FILE = "simple-iosapp/Info.plist";
				LD_RUNPATH_SEARCH_PATHS = "$(inherited) @executable_path/Frameworks";
				PRODUCT_BUNDLE_IDENTIFIER = "com.github.antoine-richard.simple-iosapp";
				PRODUCT_NAME = GoWeather;
			};
			name = Release;
		};
/* End XCBuildConfiguration section */

/* Begin XCConfigurationList section */
		7129FC3F1D6B95EE0010F483 /* Build configuration list for PBXProject "GoWeather" */ = {
			isa = XCConfigurationList;
			buildConfigurations = (
				7129FC541D6B95EE0010F483 /* Debug */,
				7129FC551D6B95EE0010F483 /* Release */,
			);
			defaultConfigurationIsVisible = 0;
			defaultConfigurationName = Release;
		};
		7129FC561D6B95EE0010F483 /* Build configuration list for PBXNativeTarget "GoWeather" */ = {
			isa = XCConfigurationList;
			buildConfigurations = (
				7129FC571D6B95EE0010F483 /* Debug */,
				7129FC581D6B95EE0010F483 /* Release */,
			);
			defaultConfigurationIsVisible = 0;
			defaultConfigurationName = Release;
		};
/* End XCConfigurationList section */
	};
	rootObject = 7129FC3C1D6B95EE0010F483 /* Project object */;
}
